PODS:
  - Flutter (1.0.0)
  - flutter_filament (0.0.1):
    - Flutter

DEPENDENCIES:
  - Flutter (from `Flutter`)
  - flutter_filament (from `.symlinks/plugins/flutter_filament/ios`)

EXTERNAL SOURCES:
  Flutter:
    :path: Flutter
  flutter_filament:
    :path: ".symlinks/plugins/flutter_filament/ios"

SPEC CHECKSUMS:
  Flutter: e0871f40cf51350855a761d2e70bf5af5b9b5de7
  flutter_filament: 6c1822d12e2ae411afc7ec4ab034b5bab10ab98e

PODFILE CHECKSUM: a57f30d18f102dd3ce366b1d62a55ecbef2158e5

COCOAPODS: 1.15.2
